// !$*UTF8*$!
{
	archiveVersion = 1;
	classes = {
	};
	objectVersion = 54;
	objects = {

/* Begin PBXBuildFile section */
		00E356F31AD99517003FC87E /* MyTesteAppTests.m in Sources */ = {isa = PBXBuildFile; fileRef = 00E356F21AD99517003FC87E /* MyTesteAppTests.m */; };
		13B07FBC1A68108700A75B9A /* AppDelegate.m in Sources */ = {isa = PBXBuildFile; fileRef = 13B07FB01A68108700A75B9A /* AppDelegate.m */; };
		13B07FBF1A68108700A75B9A /* Images.xcassets in Resources */ = {isa = PBXBuildFile; fileRef = 13B07FB51A68108700A75B9A /* Images.xcassets */; };
		13B07FC11A68108700A75B9A /* main.m in Sources */ = {isa = PBXBuildFile; fileRef = 13B07FB71A68108700A75B9A /* main.m */; };
		81AB9BB82411601600AC10FF /* LaunchScreen.storyboard in Resources */ = {isa = PBXBuildFile; fileRef = 81AB9BB72411601600AC10FF /* LaunchScreen.storyboard */; };
		1F29F9EAD100453AB893274C /* AntDesign.ttf in Resources */ = {isa = PBXBuildFile; fileRef = A2C9023AC7384C9EB4FDC1F5 /* AntDesign.ttf */; };
		EF2AC4FA05A942509D9410B1 /* Entypo.ttf in Resources */ = {isa = PBXBuildFile; fileRef = 3E7D2DAF6B0C4770B7994C66 /* Entypo.ttf */; };
		79560249EC034319A92DF2D4 /* EvilIcons.ttf in Resources */ = {isa = PBXBuildFile; fileRef = D4920DDACD1A4C478AE1DCE3 /* EvilIcons.ttf */; };
		C3E4C4BED7EB4B9AABD138C7 /* Feather.ttf in Resources */ = {isa = PBXBuildFile; fileRef = 758467F0A4234A8BA84D7172 /* Feather.ttf */; };
		60CB4F706B0540CEAF09A0D2 /* FontAwesome.ttf in Resources */ = {isa = PBXBuildFile; fileRef = 587BE0A96CFF47BE9CA235BB /* FontAwesome.ttf */; };
		CBE24EC269C24B2A861CFD8A /* FontAwesome5_Brands.ttf in Resources */ = {isa = PBXBuildFile; fileRef = A31CA5709A814B2F83D906C7 /* FontAwesome5_Brands.ttf */; };
		9DF6C5E8047B4215BCEE5982 /* FontAwesome5_Regular.ttf in Resources */ = {isa = PBXBuildFile; fileRef = 48DE7D006DAF4849AFB49C5F /* FontAwesome5_Regular.ttf */; };
		CD0B33C184854CD7B45AE907 /* FontAwesome5_Solid.ttf in Resources */ = {isa = PBXBuildFile; fileRef = 507625E9129246F88D98746A /* FontAwesome5_Solid.ttf */; };
		88EE0AB0FAD54EE9B433F1D1 /* Fontisto.ttf in Resources */ = {isa = PBXBuildFile; fileRef = A76D9F1F98A3419E9E00772E /* Fontisto.ttf */; };
		2BF890B2B3D8498EB698CAA2 /* Foundation.ttf in Resources */ = {isa = PBXBuildFile; fileRef = 276AD2E5916A4A5291B011D0 /* Foundation.ttf */; };
		8AB0AE305067433EB0255A8D /* Ionicons.ttf in Resources */ = {isa = PBXBuildFile; fileRef = 3F1049E0FFA6450C92C2242A /* Ionicons.ttf */; };
		DB99CF339CFA475EB0B8765B /* MaterialCommunityIcons.ttf in Resources */ = {isa = PBXBuildFile; fileRef = 8D254EE70B1B4D2383C5BB5D /* MaterialCommunityIcons.ttf */; };
		445F9DE96BF74F199E83413C /* MaterialIcons.ttf in Resources */ = {isa = PBXBuildFile; fileRef = C6AAEF956F4346A1B282D561 /* MaterialIcons.ttf */; };
		672E0E33373A4FC4A4AF4BAF /* Octicons.ttf in Resources */ = {isa = PBXBuildFile; fileRef = 9B0447057943424FBDC8BBFB /* Octicons.ttf */; };
		2DE053C85D6B471089553608 /* SimpleLineIcons.ttf in Resources */ = {isa = PBXBuildFile; fileRef = 892489611E2543E9BA3BC741 /* SimpleLineIcons.ttf */; };
		A840E5F005E342599B2DE1E2 /* Zocial.ttf in Resources */ = {isa = PBXBuildFile; fileRef = 1DF3DD37884948DCBE310FE1 /* Zocial.ttf */; };
		7C3832A3313F4E93BAF9C67A /* Rubik-VariableFont_wght.ttf in Resources */ = {isa = PBXBuildFile; fileRef = 1942A3F50A554A7BBFAD17F6 /* Rubik-VariableFont_wght.ttf */; };
		614DB9565D594A5598D967DD /* Pacifico-Regular.otf in Resources */ = {isa = PBXBuildFile; fileRef = 4230F8DAA8CA475FA497D9A8 /* Pacifico-Regular.otf */; };
		56FA6B83D4324F22897F8E54 /* Pacifico-Regular.ttf in Resources */ = {isa = PBXBuildFile; fileRef = 76BF4F44B22D4668B494A5E4 /* Pacifico-Regular.ttf */; };
		FFB4E51C2B5443C49BB047CC /* BerkshireSwash-Regular.otf in Resources */ = {isa = PBXBuildFile; fileRef = F1B1236EA62B4D04BDB22907 /* BerkshireSwash-Regular.otf */; };
		8849C9AFA09F406E921AF987 /* ArimaMadurai-Black.otf in Resources */ = {isa = PBXBuildFile; fileRef = 467F7D9AD7CE4829A621C9A5 /* ArimaMadurai-Black.otf */; };
		8468069A65D1433EA08942EC /* ArimaMadurai-Bold.otf in Resources */ = {isa = PBXBuildFile; fileRef = ABEF207554D54EE5AD4CBD56 /* ArimaMadurai-Bold.otf */; };
		4885E3BEEE37429BA105FCDC /* ArimaMadurai-ExtraBold.otf in Resources */ = {isa = PBXBuildFile; fileRef = 71748316FAC0497292D3B2FF /* ArimaMadurai-ExtraBold.otf */; };
		9B0BB9D8F400440A8FAD70D0 /* ArimaMadurai-ExtraLight.otf in Resources */ = {isa = PBXBuildFile; fileRef = 0FD243C1F3BA4C4FAAF9EA03 /* ArimaMadurai-ExtraLight.otf */; };
		20CDC44C45E44A039AFC08C4 /* ArimaMadurai-Light.otf in Resources */ = {isa = PBXBuildFile; fileRef = 1F9D9115822140979D9B1C72 /* ArimaMadurai-Light.otf */; };
		ADF3802DB2BC407D929A9D06 /* ArimaMadurai-Medium.otf in Resources */ = {isa = PBXBuildFile; fileRef = 497771E538CD4BAF91D68BCC /* ArimaMadurai-Medium.otf */; };
		4C70EBE870474C42AC9F9749 /* ArimaMadurai-Regular.otf in Resources */ = {isa = PBXBuildFile; fileRef = CE7EDADC069843EC92B23BB6 /* ArimaMadurai-Regular.otf */; };
		49190B1CE0E64A66BD8BB87A /* ArimaMadurai-Thin.otf in Resources */ = {isa = PBXBuildFile; fileRef = 5CDBF1A6A46E416A82AA82BC /* ArimaMadurai-Thin.otf */; };
/* End PBXBuildFile section */

/* Begin PBXContainerItemProxy section */
		00E356F41AD99517003FC87E /* PBXContainerItemProxy */ = {
			isa = PBXContainerItemProxy;
			containerPortal = 83CBB9F71A601CBA00E9B192 /* Project object */;
			proxyType = 1;
			remoteGlobalIDString = 13B07F861A680F5B00A75B9A;
			remoteInfo = MyTesteApp;
		};
/* End PBXContainerItemProxy section */

/* Begin PBXFileReference section */
		00E356EE1AD99517003FC87E /* MyTesteAppTests.xctest */ = {isa = PBXFileReference; explicitFileType = wrapper.cfbundle; includeInIndex = 0; path = MyTesteAppTests.xctest; sourceTree = BUILT_PRODUCTS_DIR; };
		00E356F11AD99517003FC87E /* Info.plist */ = {isa = PBXFileReference; lastKnownFileType = text.plist.xml; path = Info.plist; sourceTree = "<group>"; };
		00E356F21AD99517003FC87E /* MyTesteAppTests.m */ = {isa = PBXFileReference; lastKnownFileType = sourcecode.c.objc; path = MyTesteAppTests.m; sourceTree = "<group>"; };
		13B07F961A680F5B00A75B9A /* MyTesteApp.app */ = {isa = PBXFileReference; explicitFileType = wrapper.application; includeInIndex = 0; path = MyTesteApp.app; sourceTree = BUILT_PRODUCTS_DIR; };
		13B07FAF1A68108700A75B9A /* AppDelegate.h */ = {isa = PBXFileReference; fileEncoding = 4; lastKnownFileType = sourcecode.c.h; name = AppDelegate.h; path = MyTesteApp/AppDelegate.h; sourceTree = "<group>"; };
		13B07FB01A68108700A75B9A /* AppDelegate.m */ = {isa = PBXFileReference; fileEncoding = 4; lastKnownFileType = sourcecode.c.objc; name = AppDelegate.m; path = MyTesteApp/AppDelegate.m; sourceTree = "<group>"; };
		13B07FB51A68108700A75B9A /* Images.xcassets */ = {isa = PBXFileReference; lastKnownFileType = folder.assetcatalog; name = Images.xcassets; path = MyTesteApp/Images.xcassets; sourceTree = "<group>"; };
		13B07FB61A68108700A75B9A /* Info.plist */ = {isa = PBXFileReference; fileEncoding = 4; lastKnownFileType = text.plist.xml; name = Info.plist; path = MyTesteApp/Info.plist; sourceTree = "<group>"; };
		13B07FB71A68108700A75B9A /* main.m */ = {isa = PBXFileReference; fileEncoding = 4; lastKnownFileType = sourcecode.c.objc; name = main.m; path = MyTesteApp/main.m; sourceTree = "<group>"; };
		81AB9BB72411601600AC10FF /* LaunchScreen.storyboard */ = {isa = PBXFileReference; fileEncoding = 4; lastKnownFileType = file.storyboard; name = LaunchScreen.storyboard; path = MyTesteApp/LaunchScreen.storyboard; sourceTree = "<group>"; };
		ED297162215061F000B7C4FE /* JavaScriptCore.framework */ = {isa = PBXFileReference; lastKnownFileType = wrapper.framework; name = JavaScriptCore.framework; path = System/Library/Frameworks/JavaScriptCore.framework; sourceTree = SDKROOT; };
		A2C9023AC7384C9EB4FDC1F5 /* AntDesign.ttf */ = {isa = PBXFileReference; name = "AntDesign.ttf"; path = "../node_modules/react-native-vector-icons/Fonts/AntDesign.ttf"; sourceTree = "<group>"; fileEncoding = undefined; lastKnownFileType = unknown; explicitFileType = undefined; includeInIndex = 0; };
		3E7D2DAF6B0C4770B7994C66 /* Entypo.ttf */ = {isa = PBXFileReference; name = "Entypo.ttf"; path = "../node_modules/react-native-vector-icons/Fonts/Entypo.ttf"; sourceTree = "<group>"; fileEncoding = undefined; lastKnownFileType = unknown; explicitFileType = undefined; includeInIndex = 0; };
		D4920DDACD1A4C478AE1DCE3 /* EvilIcons.ttf */ = {isa = PBXFileReference; name = "EvilIcons.ttf"; path = "../node_modules/react-native-vector-icons/Fonts/EvilIcons.ttf"; sourceTree = "<group>"; fileEncoding = undefined; lastKnownFileType = unknown; explicitFileType = undefined; includeInIndex = 0; };
		758467F0A4234A8BA84D7172 /* Feather.ttf */ = {isa = PBXFileReference; name = "Feather.ttf"; path = "../node_modules/react-native-vector-icons/Fonts/Feather.ttf"; sourceTree = "<group>"; fileEncoding = undefined; lastKnownFileType = unknown; explicitFileType = undefined; includeInIndex = 0; };
		587BE0A96CFF47BE9CA235BB /* FontAwesome.ttf */ = {isa = PBXFileReference; name = "FontAwesome.ttf"; path = "../node_modules/react-native-vector-icons/Fonts/FontAwesome.ttf"; sourceTree = "<group>"; fileEncoding = undefined; lastKnownFileType = unknown; explicitFileType = undefined; includeInIndex = 0; };
		A31CA5709A814B2F83D906C7 /* FontAwesome5_Brands.ttf */ = {isa = PBXFileReference; name = "FontAwesome5_Brands.ttf"; path = "../node_modules/react-native-vector-icons/Fonts/FontAwesome5_Brands.ttf"; sourceTree = "<group>"; fileEncoding = undefined; lastKnownFileType = unknown; explicitFileType = undefined; includeInIndex = 0; };
		48DE7D006DAF4849AFB49C5F /* FontAwesome5_Regular.ttf */ = {isa = PBXFileReference; name = "FontAwesome5_Regular.ttf"; path = "../node_modules/react-native-vector-icons/Fonts/FontAwesome5_Regular.ttf"; sourceTree = "<group>"; fileEncoding = undefined; lastKnownFileType = unknown; explicitFileType = undefined; includeInIndex = 0; };
		507625E9129246F88D98746A /* FontAwesome5_Solid.ttf */ = {isa = PBXFileReference; name = "FontAwesome5_Solid.ttf"; path = "../node_modules/react-native-vector-icons/Fonts/FontAwesome5_Solid.ttf"; sourceTree = "<group>"; fileEncoding = undefined; lastKnownFileType = unknown; explicitFileType = undefined; includeInIndex = 0; };
		A76D9F1F98A3419E9E00772E /* Fontisto.ttf */ = {isa = PBXFileReference; name = "Fontisto.ttf"; path = "../node_modules/react-native-vector-icons/Fonts/Fontisto.ttf"; sourceTree = "<group>"; fileEncoding = undefined; lastKnownFileType = unknown; explicitFileType = undefined; includeInIndex = 0; };
		276AD2E5916A4A5291B011D0 /* Foundation.ttf */ = {isa = PBXFileReference; name = "Foundation.ttf"; path = "../node_modules/react-native-vector-icons/Fonts/Foundation.ttf"; sourceTree = "<group>"; fileEncoding = undefined; lastKnownFileType = unknown; explicitFileType = undefined; includeInIndex = 0; };
		3F1049E0FFA6450C92C2242A /* Ionicons.ttf */ = {isa = PBXFileReference; name = "Ionicons.ttf"; path = "../node_modules/react-native-vector-icons/Fonts/Ionicons.ttf"; sourceTree = "<group>"; fileEncoding = undefined; lastKnownFileType = unknown; explicitFileType = undefined; includeInIndex = 0; };
		8D254EE70B1B4D2383C5BB5D /* MaterialCommunityIcons.ttf */ = {isa = PBXFileReference; name = "MaterialCommunityIcons.ttf"; path = "../node_modules/react-native-vector-icons/Fonts/MaterialCommunityIcons.ttf"; sourceTree = "<group>"; fileEncoding = undefined; lastKnownFileType = unknown; explicitFileType = undefined; includeInIndex = 0; };
		C6AAEF956F4346A1B282D561 /* MaterialIcons.ttf */ = {isa = PBXFileReference; name = "MaterialIcons.ttf"; path = "../node_modules/react-native-vector-icons/Fonts/MaterialIcons.ttf"; sourceTree = "<group>"; fileEncoding = undefined; lastKnownFileType = unknown; explicitFileType = undefined; includeInIndex = 0; };
		9B0447057943424FBDC8BBFB /* Octicons.ttf */ = {isa = PBXFileReference; name = "Octicons.ttf"; path = "../node_modules/react-native-vector-icons/Fonts/Octicons.ttf"; sourceTree = "<group>"; fileEncoding = undefined; lastKnownFileType = unknown; explicitFileType = undefined; includeInIndex = 0; };
		892489611E2543E9BA3BC741 /* SimpleLineIcons.ttf */ = {isa = PBXFileReference; name = "SimpleLineIcons.ttf"; path = "../node_modules/react-native-vector-icons/Fonts/SimpleLineIcons.ttf"; sourceTree = "<group>"; fileEncoding = undefined; lastKnownFileType = unknown; explicitFileType = undefined; includeInIndex = 0; };
		1DF3DD37884948DCBE310FE1 /* Zocial.ttf */ = {isa = PBXFileReference; name = "Zocial.ttf"; path = "../node_modules/react-native-vector-icons/Fonts/Zocial.ttf"; sourceTree = "<group>"; fileEncoding = undefined; lastKnownFileType = unknown; explicitFileType = undefined; includeInIndex = 0; };
		1942A3F50A554A7BBFAD17F6 /* Rubik-VariableFont_wght.ttf */ = {isa = PBXFileReference; name = "Rubik-VariableFont_wght.ttf"; path = "../app/resources/fonts/Rubik-VariableFont_wght.ttf"; sourceTree = "<group>"; fileEncoding = undefined; lastKnownFileType = unknown; explicitFileType = undefined; includeInIndex = 0; };
		4230F8DAA8CA475FA497D9A8 /* Pacifico-Regular.otf */ = {isa = PBXFileReference; name = "Pacifico-Regular.otf"; path = "../app/resources/fonts/Pacifico-Regular.otf"; sourceTree = "<group>"; fileEncoding = undefined; lastKnownFileType = unknown; explicitFileType = undefined; includeInIndex = 0; };
		76BF4F44B22D4668B494A5E4 /* Pacifico-Regular.ttf */ = {isa = PBXFileReference; name = "Pacifico-Regular.ttf"; path = "../app/resources/fonts/Pacifico-Regular.ttf"; sourceTree = "<group>"; fileEncoding = undefined; lastKnownFileType = unknown; explicitFileType = undefined; includeInIndex = 0; };
		F1B1236EA62B4D04BDB22907 /* BerkshireSwash-Regular.otf */ = {isa = PBXFileReference; name = "BerkshireSwash-Regular.otf"; path = "../app/resources/fonts/BerkshireSwash-Regular.otf"; sourceTree = "<group>"; fileEncoding = undefined; lastKnownFileType = unknown; explicitFileType = undefined; includeInIndex = 0; };
		467F7D9AD7CE4829A621C9A5 /* ArimaMadurai-Black.otf */ = {isa = PBXFileReference; name = "ArimaMadurai-Black.otf"; path = "../app/resources/fonts/ArimaMadurai-Black.otf"; sourceTree = "<group>"; fileEncoding = undefined; lastKnownFileType = unknown; explicitFileType = undefined; includeInIndex = 0; };
		ABEF207554D54EE5AD4CBD56 /* ArimaMadurai-Bold.otf */ = {isa = PBXFileReference; name = "ArimaMadurai-Bold.otf"; path = "../app/resources/fonts/ArimaMadurai-Bold.otf"; sourceTree = "<group>"; fileEncoding = undefined; lastKnownFileType = unknown; explicitFileType = undefined; includeInIndex = 0; };
		71748316FAC0497292D3B2FF /* ArimaMadurai-ExtraBold.otf */ = {isa = PBXFileReference; name = "ArimaMadurai-ExtraBold.otf"; path = "../app/resources/fonts/ArimaMadurai-ExtraBold.otf"; sourceTree = "<group>"; fileEncoding = undefined; lastKnownFileType = unknown; explicitFileType = undefined; includeInIndex = 0; };
		0FD243C1F3BA4C4FAAF9EA03 /* ArimaMadurai-ExtraLight.otf */ = {isa = PBXFileReference; name = "ArimaMadurai-ExtraLight.otf"; path = "../app/resources/fonts/ArimaMadurai-ExtraLight.otf"; sourceTree = "<group>"; fileEncoding = undefined; lastKnownFileType = unknown; explicitFileType = undefined; includeInIndex = 0; };
		1F9D9115822140979D9B1C72 /* ArimaMadurai-Light.otf */ = {isa = PBXFileReference; name = "ArimaMadurai-Light.otf"; path = "../app/resources/fonts/ArimaMadurai-Light.otf"; sourceTree = "<group>"; fileEncoding = undefined; lastKnownFileType = unknown; explicitFileType = undefined; includeInIndex = 0; };
		497771E538CD4BAF91D68BCC /* ArimaMadurai-Medium.otf */ = {isa = PBXFileReference; name = "ArimaMadurai-Medium.otf"; path = "../app/resources/fonts/ArimaMadurai-Medium.otf"; sourceTree = "<group>"; fileEncoding = undefined; lastKnownFileType = unknown; explicitFileType = undefined; includeInIndex = 0; };
		CE7EDADC069843EC92B23BB6 /* ArimaMadurai-Regular.otf */ = {isa = PBXFileReference; name = "ArimaMadurai-Regular.otf"; path = "../app/resources/fonts/ArimaMadurai-Regular.otf"; sourceTree = "<group>"; fileEncoding = undefined; lastKnownFileType = unknown; explicitFileType = undefined; includeInIndex = 0; };
		5CDBF1A6A46E416A82AA82BC /* ArimaMadurai-Thin.otf */ = {isa = PBXFileReference; name = "ArimaMadurai-Thin.otf"; path = "../app/resources/fonts/ArimaMadurai-Thin.otf"; sourceTree = "<group>"; fileEncoding = undefined; lastKnownFileType = unknown; explicitFileType = undefined; includeInIndex = 0; };
/* End PBXFileReference section */

/* Begin PBXFrameworksBuildPhase section */
		00E356EB1AD99517003FC87E /* Frameworks */ = {
			isa = PBXFrameworksBuildPhase;
			buildActionMask = 2147483647;
			files = (
			);
			runOnlyForDeploymentPostprocessing = 0;
		};
		13B07F8C1A680F5B00A75B9A /* Frameworks */ = {
			isa = PBXFrameworksBuildPhase;
			buildActionMask = 2147483647;
			files = (
			);
			runOnlyForDeploymentPostprocessing = 0;
		};
/* End PBXFrameworksBuildPhase section */

/* Begin PBXGroup section */
		00E356EF1AD99517003FC87E /* MyTesteAppTests */ = {
			isa = PBXGroup;
			children = (
				00E356F21AD99517003FC87E /* MyTesteAppTests.m */,
				00E356F01AD99517003FC87E /* Supporting Files */,
			);
			path = MyTesteAppTests;
			sourceTree = "<group>";
		};
		00E356F01AD99517003FC87E /* Supporting Files */ = {
			isa = PBXGroup;
			children = (
				00E356F11AD99517003FC87E /* Info.plist */,
			);
			name = "Supporting Files";
			sourceTree = "<group>";
		};
		13B07FAE1A68108700A75B9A /* MyTesteApp */ = {
			isa = PBXGroup;
			children = (
				13B07FAF1A68108700A75B9A /* AppDelegate.h */,
				13B07FB01A68108700A75B9A /* AppDelegate.m */,
				13B07FB51A68108700A75B9A /* Images.xcassets */,
				13B07FB61A68108700A75B9A /* Info.plist */,
				81AB9BB72411601600AC10FF /* LaunchScreen.storyboard */,
				13B07FB71A68108700A75B9A /* main.m */,
			);
			name = MyTesteApp;
			sourceTree = "<group>";
		};
		2D16E6871FA4F8E400B85C8A /* Frameworks */ = {
			isa = PBXGroup;
			children = (
				ED297162215061F000B7C4FE /* JavaScriptCore.framework */,
			);
			name = Frameworks;
			sourceTree = "<group>";
		};
		832341AE1AAA6A7D00B99B32 /* Libraries */ = {
			isa = PBXGroup;
			children = (
			);
			name = Libraries;
			sourceTree = "<group>";
		};
		83CBB9F61A601CBA00E9B192 = {
			isa = PBXGroup;
			children = (
				13B07FAE1A68108700A75B9A /* MyTesteApp */,
				832341AE1AAA6A7D00B99B32 /* Libraries */,
				00E356EF1AD99517003FC87E /* MyTesteAppTests */,
				83CBBA001A601CBA00E9B192 /* Products */,
				2D16E6871FA4F8E400B85C8A /* Frameworks */,
				3A0F9E1206F8463CA15358D2 /* Resources */,
			);
			indentWidth = 2;
			sourceTree = "<group>";
			tabWidth = 2;
			usesTabs = 0;
		};
		83CBBA001A601CBA00E9B192 /* Products */ = {
			isa = PBXGroup;
			children = (
				13B07F961A680F5B00A75B9A /* MyTesteApp.app */,
				00E356EE1AD99517003FC87E /* MyTesteAppTests.xctest */,
			);
			name = Products;
			sourceTree = "<group>";
		};
		3A0F9E1206F8463CA15358D2 /* Resources */ = {
			isa = "PBXGroup";
			children = (
				A2C9023AC7384C9EB4FDC1F5 /* AntDesign.ttf */,
				3E7D2DAF6B0C4770B7994C66 /* Entypo.ttf */,
				D4920DDACD1A4C478AE1DCE3 /* EvilIcons.ttf */,
				758467F0A4234A8BA84D7172 /* Feather.ttf */,
				587BE0A96CFF47BE9CA235BB /* FontAwesome.ttf */,
				A31CA5709A814B2F83D906C7 /* FontAwesome5_Brands.ttf */,
				48DE7D006DAF4849AFB49C5F /* FontAwesome5_Regular.ttf */,
				507625E9129246F88D98746A /* FontAwesome5_Solid.ttf */,
				A76D9F1F98A3419E9E00772E /* Fontisto.ttf */,
				276AD2E5916A4A5291B011D0 /* Foundation.ttf */,
				3F1049E0FFA6450C92C2242A /* Ionicons.ttf */,
				8D254EE70B1B4D2383C5BB5D /* MaterialCommunityIcons.ttf */,
				C6AAEF956F4346A1B282D561 /* MaterialIcons.ttf */,
				9B0447057943424FBDC8BBFB /* Octicons.ttf */,
				892489611E2543E9BA3BC741 /* SimpleLineIcons.ttf */,
				1DF3DD37884948DCBE310FE1 /* Zocial.ttf */,
				1942A3F50A554A7BBFAD17F6 /* Rubik-VariableFont_wght.ttf */,
				4230F8DAA8CA475FA497D9A8 /* Pacifico-Regular.otf */,
				76BF4F44B22D4668B494A5E4 /* Pacifico-Regular.ttf */,
				F1B1236EA62B4D04BDB22907 /* BerkshireSwash-Regular.otf */,
				467F7D9AD7CE4829A621C9A5 /* ArimaMadurai-Black.otf */,
				ABEF207554D54EE5AD4CBD56 /* ArimaMadurai-Bold.otf */,
				71748316FAC0497292D3B2FF /* ArimaMadurai-ExtraBold.otf */,
				0FD243C1F3BA4C4FAAF9EA03 /* ArimaMadurai-ExtraLight.otf */,
				1F9D9115822140979D9B1C72 /* ArimaMadurai-Light.otf */,
				497771E538CD4BAF91D68BCC /* ArimaMadurai-Medium.otf */,
				CE7EDADC069843EC92B23BB6 /* ArimaMadurai-Regular.otf */,
				5CDBF1A6A46E416A82AA82BC /* ArimaMadurai-Thin.otf */,
			);
			name = Resources;
			sourceTree = "<group>";
			path = "";
		};
/* End PBXGroup section */

/* Begin PBXNativeTarget section */
		00E356ED1AD99517003FC87E /* MyTesteAppTests */ = {
			isa = PBXNativeTarget;
			buildConfigurationList = 00E357021AD99517003FC87E /* Build configuration list for PBXNativeTarget "MyTesteAppTests" */;
			buildPhases = (
				00E356EA1AD99517003FC87E /* Sources */,
				00E356EB1AD99517003FC87E /* Frameworks */,
				00E356EC1AD99517003FC87E /* Resources */,
			);
			buildRules = (
			);
			dependencies = (
				00E356F51AD99517003FC87E /* PBXTargetDependency */,
			);
			name = MyTesteAppTests;
			productName = MyTesteAppTests;
			productReference = 00E356EE1AD99517003FC87E /* MyTesteAppTests.xctest */;
			productType = "com.apple.product-type.bundle.unit-test";
		};
		13B07F861A680F5B00A75B9A /* MyTesteApp */ = {
			isa = PBXNativeTarget;
			buildConfigurationList = 13B07F931A680F5B00A75B9A /* Build configuration list for PBXNativeTarget "MyTesteApp" */;
			buildPhases = (
				FD10A7F022414F080027D42C /* Start Packager */,
				13B07F871A680F5B00A75B9A /* Sources */,
				13B07F8C1A680F5B00A75B9A /* Frameworks */,
				13B07F8E1A680F5B00A75B9A /* Resources */,
				00DD1BFF1BD5951E006B06BC /* Bundle React Native code and images */,
			);
			buildRules = (
			);
			dependencies = (
			);
			name = MyTesteApp;
			productName = MyTesteApp;
			productReference = 13B07F961A680F5B00A75B9A /* MyTesteApp.app */;
			productType = "com.apple.product-type.application";
		};
/* End PBXNativeTarget section */

/* Begin PBXProject section */
		83CBB9F71A601CBA00E9B192 /* Project object */ = {
			isa = PBXProject;
			attributes = {
				LastUpgradeCheck = 1210;
				TargetAttributes = {
					00E356ED1AD99517003FC87E = {
						CreatedOnToolsVersion = 6.2;
						TestTargetID = 13B07F861A680F5B00A75B9A;
					};
					13B07F861A680F5B00A75B9A = {
						LastSwiftMigration = 1120;
					};
				};
			};
			buildConfigurationList = 83CBB9FA1A601CBA00E9B192 /* Build configuration list for PBXProject "MyTesteApp" */;
			compatibilityVersion = "Xcode 12.0";
			developmentRegion = en;
			hasScannedForEncodings = 0;
			knownRegions = (
				en,
				Base,
			);
			mainGroup = 83CBB9F61A601CBA00E9B192;
			productRefGroup = 83CBBA001A601CBA00E9B192 /* Products */;
			projectDirPath = "";
			projectRoot = "";
			targets = (
				13B07F861A680F5B00A75B9A /* MyTesteApp */,
				00E356ED1AD99517003FC87E /* MyTesteAppTests */,
			);
		};
/* End PBXProject section */

/* Begin PBXResourcesBuildPhase section */
		00E356EC1AD99517003FC87E /* Resources */ = {
			isa = PBXResourcesBuildPhase;
			buildActionMask = 2147483647;
			files = (
			);
			runOnlyForDeploymentPostprocessing = 0;
		};
		13B07F8E1A680F5B00A75B9A /* Resources */ = {
			isa = PBXResourcesBuildPhase;
			buildActionMask = 2147483647;
			files = (
				81AB9BB82411601600AC10FF /* LaunchScreen.storyboard in Resources */,
				13B07FBF1A68108700A75B9A /* Images.xcassets in Resources */,
				1F29F9EAD100453AB893274C /* AntDesign.ttf in Resources */,
				EF2AC4FA05A942509D9410B1 /* Entypo.ttf in Resources */,
				79560249EC034319A92DF2D4 /* EvilIcons.ttf in Resources */,
				C3E4C4BED7EB4B9AABD138C7 /* Feather.ttf in Resources */,
				60CB4F706B0540CEAF09A0D2 /* FontAwesome.ttf in Resources */,
				CBE24EC269C24B2A861CFD8A /* FontAwesome5_Brands.ttf in Resources */,
				9DF6C5E8047B4215BCEE5982 /* FontAwesome5_Regular.ttf in Resources */,
				CD0B33C184854CD7B45AE907 /* FontAwesome5_Solid.ttf in Resources */,
				88EE0AB0FAD54EE9B433F1D1 /* Fontisto.ttf in Resources */,
				2BF890B2B3D8498EB698CAA2 /* Foundation.ttf in Resources */,
				8AB0AE305067433EB0255A8D /* Ionicons.ttf in Resources */,
				DB99CF339CFA475EB0B8765B /* MaterialCommunityIcons.ttf in Resources */,
				445F9DE96BF74F199E83413C /* MaterialIcons.ttf in Resources */,
				672E0E33373A4FC4A4AF4BAF /* Octicons.ttf in Resources */,
				2DE053C85D6B471089553608 /* SimpleLineIcons.ttf in Resources */,
				A840E5F005E342599B2DE1E2 /* Zocial.ttf in Resources */,
				7C3832A3313F4E93BAF9C67A /* Rubik-VariableFont_wght.ttf in Resources */,
				614DB9565D594A5598D967DD /* Pacifico-Regular.otf in Resources */,
				56FA6B83D4324F22897F8E54 /* Pacifico-Regular.ttf in Resources */,
				FFB4E51C2B5443C49BB047CC /* BerkshireSwash-Regular.otf in Resources */,
				8849C9AFA09F406E921AF987 /* ArimaMadurai-Black.otf in Resources */,
				8468069A65D1433EA08942EC /* ArimaMadurai-Bold.otf in Resources */,
				4885E3BEEE37429BA105FCDC /* ArimaMadurai-ExtraBold.otf in Resources */,
				9B0BB9D8F400440A8FAD70D0 /* ArimaMadurai-ExtraLight.otf in Resources */,
				20CDC44C45E44A039AFC08C4 /* ArimaMadurai-Light.otf in Resources */,
				ADF3802DB2BC407D929A9D06 /* ArimaMadurai-Medium.otf in Resources */,
				4C70EBE870474C42AC9F9749 /* ArimaMadurai-Regular.otf in Resources */,
				49190B1CE0E64A66BD8BB87A /* ArimaMadurai-Thin.otf in Resources */,
			);
			runOnlyForDeploymentPostprocessing = 0;
		};
/* End PBXResourcesBuildPhase section */

/* Begin PBXShellScriptBuildPhase section */
		00DD1BFF1BD5951E006B06BC /* Bundle React Native code and images */ = {
			isa = PBXShellScriptBuildPhase;
			buildActionMask = 2147483647;
			files = (
			);
			inputPaths = (
			);
			name = "Bundle React Native code and images";
			outputPaths = (
			);
			runOnlyForDeploymentPostprocessing = 0;
			shellPath = /bin/sh;
			shellScript = "set -e\n\nexport NODE_BINARY=node\n../node_modules/react-native/scripts/react-native-xcode.sh\n";
		};
		FD10A7F022414F080027D42C /* Start Packager */ = {
			isa = PBXShellScriptBuildPhase;
			buildActionMask = 2147483647;
			files = (
			);
			inputFileListPaths = (
			);
			inputPaths = (
			);
			name = "Start Packager";
			outputFileListPaths = (
			);
			outputPaths = (
			);
			runOnlyForDeploymentPostprocessing = 0;
			shellPath = /bin/sh;
			shellScript = "export RCT_METRO_PORT=\"${RCT_METRO_PORT:=8081}\"\necho \"export RCT_METRO_PORT=${RCT_METRO_PORT}\" > \"${SRCROOT}/../node_modules/react-native/scripts/.packager.env\"\nif [ -z \"${RCT_NO_LAUNCH_PACKAGER+xxx}\" ] ; then\n  if nc -w 5 -z localhost ${RCT_METRO_PORT} ; then\n    if ! curl -s \"http://localhost:${RCT_METRO_PORT}/status\" | grep -q \"packager-status:running\" ; then\n      echo \"Port ${RCT_METRO_PORT} already in use, packager is either not running or not running correctly\"\n      exit 2\n    fi\n  else\n    open \"$SRCROOT/../node_modules/react-native/scripts/launchPackager.command\" || echo \"Can't start packager automatically\"\n  fi\nfi\n";
			showEnvVarsInLog = 0;
		};
/* End PBXShellScriptBuildPhase section */

/* Begin PBXSourcesBuildPhase section */
		00E356EA1AD99517003FC87E /* Sources */ = {
			isa = PBXSourcesBuildPhase;
			buildActionMask = 2147483647;
			files = (
				00E356F31AD99517003FC87E /* MyTesteAppTests.m in Sources */,
			);
			runOnlyForDeploymentPostprocessing = 0;
		};
		13B07F871A680F5B00A75B9A /* Sources */ = {
			isa = PBXSourcesBuildPhase;
			buildActionMask = 2147483647;
			files = (
				13B07FBC1A68108700A75B9A /* AppDelegate.m in Sources */,
				13B07FC11A68108700A75B9A /* main.m in Sources */,
			);
			runOnlyForDeploymentPostprocessing = 0;
		};
/* End PBXSourcesBuildPhase section */

/* Begin PBXTargetDependency section */
		00E356F51AD99517003FC87E /* PBXTargetDependency */ = {
			isa = PBXTargetDependency;
			target = 13B07F861A680F5B00A75B9A /* MyTesteApp */;
			targetProxy = 00E356F41AD99517003FC87E /* PBXContainerItemProxy */;
		};
/* End PBXTargetDependency section */

/* Begin XCBuildConfiguration section */
		00E356F61AD99517003FC87E /* Debug */ = {
			isa = XCBuildConfiguration;
			buildSettings = {
				BUNDLE_LOADER = "$(TEST_HOST)";
				GCC_PREPROCESSOR_DEFINITIONS = (
					"DEBUG=1",
					"$(inherited)",
				);
				INFOPLIST_FILE = MyTesteAppTests/Info.plist;
				IPHONEOS_DEPLOYMENT_TARGET = 10.0;
				LD_RUNPATH_SEARCH_PATHS = (
					"$(inherited)",
					"@executable_path/Frameworks",
					"@loader_path/Frameworks",
				);
				OTHER_LDFLAGS = (
					"-ObjC",
					"-lc++",
					"$(inherited)",
				);
				PRODUCT_BUNDLE_IDENTIFIER = "org.reactjs.native.example.$(PRODUCT_NAME:rfc1034identifier)";
				PRODUCT_NAME = "$(TARGET_NAME)";
				TEST_HOST = "$(BUILT_PRODUCTS_DIR)/MyTesteApp.app/MyTesteApp";
			};
			name = Debug;
		};
		00E356F71AD99517003FC87E /* Release */ = {
			isa = XCBuildConfiguration;
			buildSettings = {
				BUNDLE_LOADER = "$(TEST_HOST)";
				COPY_PHASE_STRIP = NO;
				INFOPLIST_FILE = MyTesteAppTests/Info.plist;
				IPHONEOS_DEPLOYMENT_TARGET = 10.0;
				LD_RUNPATH_SEARCH_PATHS = (
					"$(inherited)",
					"@executable_path/Frameworks",
					"@loader_path/Frameworks",
				);
				OTHER_LDFLAGS = (
					"-ObjC",
					"-lc++",
					"$(inherited)",
				);
				PRODUCT_BUNDLE_IDENTIFIER = "org.reactjs.native.example.$(PRODUCT_NAME:rfc1034identifier)";
				PRODUCT_NAME = "$(TARGET_NAME)";
				TEST_HOST = "$(BUILT_PRODUCTS_DIR)/MyTesteApp.app/MyTesteApp";
			};
			name = Release;
		};
		13B07F941A680F5B00A75B9A /* Debug */ = {
			isa = XCBuildConfiguration;
			buildSettings = {
				ASSETCATALOG_COMPILER_APPICON_NAME = AppIcon;
				CLANG_ENABLE_MODULES = YES;
				CURRENT_PROJECT_VERSION = 1;
				ENABLE_BITCODE = NO;
				INFOPLIST_FILE = MyTesteApp/Info.plist;
				LD_RUNPATH_SEARCH_PATHS = (
					"$(inherited)",
					"@executable_path/Frameworks",
				);
				OTHER_LDFLAGS = (
					"$(inherited)",
					"-ObjC",
					"-lc++",
				);
				PRODUCT_BUNDLE_IDENTIFIER = "org.reactjs.native.example.$(PRODUCT_NAME:rfc1034identifier)";
				PRODUCT_NAME = MyTesteApp;
				SWIFT_OPTIMIZATION_LEVEL = "-Onone";
				SWIFT_VERSION = 5.0;
				VERSIONING_SYSTEM = "apple-generic";
			};
			name = Debug;
		};
		13B07F951A680F5B00A75B9A /* Release */ = {
			isa = XCBuildConfiguration;
			buildSettings = {
				ASSETCATALOG_COMPILER_APPICON_NAME = AppIcon;
				CLANG_ENABLE_MODULES = YES;
				CURRENT_PROJECT_VERSION = 1;
				INFOPLIST_FILE = MyTesteApp/Info.plist;
				LD_RUNPATH_SEARCH_PATHS = (
					"$(inherited)",
					"@executable_path/Frameworks",
				);
				OTHER_LDFLAGS = (
					"$(inherited)",
					"-ObjC",
					"-lc++",
				);
				PRODUCT_BUNDLE_IDENTIFIER = "org.reactjs.native.example.$(PRODUCT_NAME:rfc1034identifier)";
				PRODUCT_NAME = MyTesteApp;
				SWIFT_VERSION = 5.0;
				VERSIONING_SYSTEM = "apple-generic";
			};
			name = Release;
		};
		83CBBA201A601CBA00E9B192 /* Debug */ = {
			isa = XCBuildConfiguration;
			buildSettings = {
				ALWAYS_SEARCH_USER_PATHS = NO;
				CLANG_ANALYZER_LOCALIZABILITY_NONLOCALIZED = YES;
				CLANG_CXX_LANGUAGE_STANDARD = "gnu++0x";
				CLANG_CXX_LIBRARY = "libc++";
				CLANG_ENABLE_MODULES = YES;
				CLANG_ENABLE_OBJC_ARC = YES;
				CLANG_WARN_BLOCK_CAPTURE_AUTORELEASING = YES;
				CLANG_WARN_BOOL_CONVERSION = YES;
				CLANG_WARN_COMMA = YES;
				CLANG_WARN_CONSTANT_CONVERSION = YES;
				CLANG_WARN_DEPRECATED_OBJC_IMPLEMENTATIONS = YES;
				CLANG_WARN_DIRECT_OBJC_ISA_USAGE = YES_ERROR;
				CLANG_WARN_EMPTY_BODY = YES;
				CLANG_WARN_ENUM_CONVERSION = YES;
				CLANG_WARN_INFINITE_RECURSION = YES;
				CLANG_WARN_INT_CONVERSION = YES;
				CLANG_WARN_NON_LITERAL_NULL_CONVERSION = YES;
				CLANG_WARN_OBJC_IMPLICIT_RETAIN_SELF = YES;
				CLANG_WARN_OBJC_LITERAL_CONVERSION = YES;
				CLANG_WARN_OBJC_ROOT_CLASS = YES_ERROR;
				CLANG_WARN_QUOTED_INCLUDE_IN_FRAMEWORK_HEADER = YES;
				CLANG_WARN_RANGE_LOOP_ANALYSIS = YES;
				CLANG_WARN_STRICT_PROTOTYPES = YES;
				CLANG_WARN_SUSPICIOUS_MOVE = YES;
				CLANG_WARN_UNREACHABLE_CODE = YES;
				CLANG_WARN__DUPLICATE_METHOD_MATCH = YES;
				"CODE_SIGN_IDENTITY[sdk=iphoneos*]" = "iPhone Developer";
				COPY_PHASE_STRIP = NO;
				ENABLE_STRICT_OBJC_MSGSEND = YES;
				ENABLE_TESTABILITY = YES;
				GCC_C_LANGUAGE_STANDARD = gnu99;
				GCC_DYNAMIC_NO_PIC = NO;
				GCC_NO_COMMON_BLOCKS = YES;
				GCC_OPTIMIZATION_LEVEL = 0;
				GCC_PREPROCESSOR_DEFINITIONS = (
					"DEBUG=1",
					"$(inherited)",
				);
				GCC_SYMBOLS_PRIVATE_EXTERN = NO;
				GCC_WARN_64_TO_32_BIT_CONVERSION = YES;
				GCC_WARN_ABOUT_RETURN_TYPE = YES_ERROR;
				GCC_WARN_UNDECLARED_SELECTOR = YES;
				GCC_WARN_UNINITIALIZED_AUTOS = YES_AGGRESSIVE;
				GCC_WARN_UNUSED_FUNCTION = YES;
				GCC_WARN_UNUSED_VARIABLE = YES;
				IPHONEOS_DEPLOYMENT_TARGET = 10.0;
				LD_RUNPATH_SEARCH_PATHS = (
					/usr/lib/swift,
					"$(inherited)",
				);
				LIBRARY_SEARCH_PATHS = (
					"\"$(TOOLCHAIN_DIR)/usr/lib/swift/$(PLATFORM_NAME)\"",
					"\"$(TOOLCHAIN_DIR)/usr/lib/swift-5.0/$(PLATFORM_NAME)\"",
					"\"$(inherited)\"",
				);
				MTL_ENABLE_DEBUG_INFO = YES;
				ONLY_ACTIVE_ARCH = YES;
				SDKROOT = iphoneos;
			};
			name = Debug;
		};
		83CBBA211A601CBA00E9B192 /* Release */ = {
			isa = XCBuildConfiguration;
			buildSettings = {
				ALWAYS_SEARCH_USER_PATHS = NO;
				CLANG_ANALYZER_LOCALIZABILITY_NONLOCALIZED = YES;
				CLANG_CXX_LANGUAGE_STANDARD = "gnu++0x";
				CLANG_CXX_LIBRARY = "libc++";
				CLANG_ENABLE_MODULES = YES;
				CLANG_ENABLE_OBJC_ARC = YES;
				CLANG_WARN_BLOCK_CAPTURE_AUTORELEASING = YES;
				CLANG_WARN_BOOL_CONVERSION = YES;
				CLANG_WARN_COMMA = YES;
				CLANG_WARN_CONSTANT_CONVERSION = YES;
				CLANG_WARN_DEPRECATED_OBJC_IMPLEMENTATIONS = YES;
				CLANG_WARN_DIRECT_OBJC_ISA_USAGE = YES_ERROR;
				CLANG_WARN_EMPTY_BODY = YES;
				CLANG_WARN_ENUM_CONVERSION = YES;
				CLANG_WARN_INFINITE_RECURSION = YES;
				CLANG_WARN_INT_CONVERSION = YES;
				CLANG_WARN_NON_LITERAL_NULL_CONVERSION = YES;
				CLANG_WARN_OBJC_IMPLICIT_RETAIN_SELF = YES;
				CLANG_WARN_OBJC_LITERAL_CONVERSION = YES;
				CLANG_WARN_OBJC_ROOT_CLASS = YES_ERROR;
				CLANG_WARN_QUOTED_INCLUDE_IN_FRAMEWORK_HEADER = YES;
				CLANG_WARN_RANGE_LOOP_ANALYSIS = YES;
				CLANG_WARN_STRICT_PROTOTYPES = YES;
				CLANG_WARN_SUSPICIOUS_MOVE = YES;
				CLANG_WARN_UNREACHABLE_CODE = YES;
				CLANG_WARN__DUPLICATE_METHOD_MATCH = YES;
				"CODE_SIGN_IDENTITY[sdk=iphoneos*]" = "iPhone Developer";
				COPY_PHASE_STRIP = YES;
				ENABLE_NS_ASSERTIONS = NO;
				ENABLE_STRICT_OBJC_MSGSEND = YES;
				GCC_C_LANGUAGE_STANDARD = gnu99;
				GCC_NO_COMMON_BLOCKS = YES;
				GCC_WARN_64_TO_32_BIT_CONVERSION = YES;
				GCC_WARN_ABOUT_RETURN_TYPE = YES_ERROR;
				GCC_WARN_UNDECLARED_SELECTOR = YES;
				GCC_WARN_UNINITIALIZED_AUTOS = YES_AGGRESSIVE;
				GCC_WARN_UNUSED_FUNCTION = YES;
				GCC_WARN_UNUSED_VARIABLE = YES;
				IPHONEOS_DEPLOYMENT_TARGET = 10.0;
				LD_RUNPATH_SEARCH_PATHS = (
					/usr/lib/swift,
					"$(inherited)",
				);
				LIBRARY_SEARCH_PATHS = (
					"\"$(TOOLCHAIN_DIR)/usr/lib/swift/$(PLATFORM_NAME)\"",
					"\"$(TOOLCHAIN_DIR)/usr/lib/swift-5.0/$(PLATFORM_NAME)\"",
					"\"$(inherited)\"",
				);
				MTL_ENABLE_DEBUG_INFO = NO;
				SDKROOT = iphoneos;
				VALIDATE_PRODUCT = YES;
			};
			name = Release;
		};
/* End XCBuildConfiguration section */

/* Begin XCConfigurationList section */
		00E357021AD99517003FC87E /* Build configuration list for PBXNativeTarget "MyTesteAppTests" */ = {
			isa = XCConfigurationList;
			buildConfigurations = (
				00E356F61AD99517003FC87E /* Debug */,
				00E356F71AD99517003FC87E /* Release */,
			);
			defaultConfigurationIsVisible = 0;
			defaultConfigurationName = Release;
		};
		13B07F931A680F5B00A75B9A /* Build configuration list for PBXNativeTarget "MyTesteApp" */ = {
			isa = XCConfigurationList;
			buildConfigurations = (
				13B07F941A680F5B00A75B9A /* Debug */,
				13B07F951A680F5B00A75B9A /* Release */,
			);
			defaultConfigurationIsVisible = 0;
			defaultConfigurationName = Release;
		};
		83CBB9FA1A601CBA00E9B192 /* Build configuration list for PBXProject "MyTesteApp" */ = {
			isa = XCConfigurationList;
			buildConfigurations = (
				83CBBA201A601CBA00E9B192 /* Debug */,
				83CBBA211A601CBA00E9B192 /* Release */,
			);
			defaultConfigurationIsVisible = 0;
			defaultConfigurationName = Release;
		};
/* End XCConfigurationList section */
	};
	rootObject = 83CBB9F71A601CBA00E9B192 /* Project object */;
}
